
Microsoft Visual Studio Solution File, Format Version 12.00
# Visual Studio Version 16
VisualStudioVersion = 16.0.30320.27
MinimumVisualStudioVersion = 10.0.40219.1
Project("{9A19103F-16F7-4668-BE54-9A1E7A4F7556}") = "Ahorrista_Api_AWS", "Ahorrista_Api_AWS-master\Ahorrista_Api_AWS.csproj", "{4507DB26-1C7C-4517-9E46-6122CE9F6C74}"
EndProject
Project("{9A19103F-16F7-4668-BE54-9A1E7A4F7556}") = "DynamoDB.libs", "Ahorristas_Api_AWS_Lib-master\DynamoDB.libs.csproj", "{D88A498D-B70F-4698-8CC1-E475DF19D76A}"
EndProject
Global
	GlobalSection(SolutionConfigurationPlatforms) = preSolution
		Debug|Any CPU = Debug|Any CPU
		Release|Any CPU = Release|Any CPU
	EndGlobalSection
	GlobalSection(ProjectConfigurationPlatforms) = postSolution
		{4507DB26-1C7C-4517-9E46-6122CE9F6C74}.Debug|Any CPU.ActiveCfg = Debug|Any CPU
		{4507DB26-1C7C-4517-9E46-6122CE9F6C74}.Debug|Any CPU.Build.0 = Debug|Any CPU
		{4507DB26-1C7C-4517-9E46-6122CE9F6C74}.Release|Any CPU.ActiveCfg = Release|Any CPU
		{4507DB26-1C7C-4517-9E46-6122CE9F6C74}.Release|Any CPU.Build.0 = Release|Any CPU
		{D88A498D-B70F-4698-8CC1-E475DF19D76A}.Debug|Any CPU.ActiveCfg = Debug|Any CPU
		{D88A498D-B70F-4698-8CC1-E475DF19D76A}.Debug|Any CPU.Build.0 = Debug|Any CPU
		{D88A498D-B70F-4698-8CC1-E475DF19D76A}.Release|Any CPU.ActiveCfg = Release|Any CPU
		{D88A498D-B70F-4698-8CC1-E475DF19D76A}.Release|Any CPU.Build.0 = Release|Any CPU
	EndGlobalSection
	GlobalSection(SolutionProperties) = preSolution
		HideSolutionNode = FALSE
	EndGlobalSection
	GlobalSection(ExtensibilityGlobals) = postSolution
		SolutionGuid = {102EED92-1920-400C-83D5-7A04CC8FBE4A}
	EndGlobalSection
EndGlobal
