
Microsoft Visual Studio Solution File, Format Version 12.00
# Visual Studio Version 16
VisualStudioVersion = 16.0.30225.117
MinimumVisualStudioVersion = 10.0.40219.1
Project("{9A19103F-16F7-4668-BE54-9A1E7A4F7556}") = "DynamoDB.libs", "DynamoDB.libs.csproj", "{76F64434-8A1F-4377-AEAB-40D2C0FD3A9F}"
EndProject
Global
	GlobalSection(SolutionConfigurationPlatforms) = preSolution
		Debug|Any CPU = Debug|Any CPU
		Release|Any CPU = Release|Any CPU
	EndGlobalSection
	GlobalSection(ProjectConfigurationPlatforms) = postSolution
		{76F64434-8A1F-4377-AEAB-40D2C0FD3A9F}.Debug|Any CPU.ActiveCfg = Debug|Any CPU
		{76F64434-8A1F-4377-AEAB-40D2C0FD3A9F}.Debug|Any CPU.Build.0 = Debug|Any CPU
		{76F64434-8A1F-4377-AEAB-40D2C0FD3A9F}.Release|Any CPU.ActiveCfg = Release|Any CPU
		{76F64434-8A1F-4377-AEAB-40D2C0FD3A9F}.Release|Any CPU.Build.0 = Release|Any CPU
	EndGlobalSection
	GlobalSection(SolutionProperties) = preSolution
		HideSolutionNode = FALSE
	EndGlobalSection
	GlobalSection(ExtensibilityGlobals) = postSolution
		SolutionGuid = {4EFECAA9-95DE-4BFC-8D74-653B51F70162}
	EndGlobalSection
EndGlobal
